# This file is generated by running "yarn install" inside your project.
# Manual changes might be lost - proceed with caution!

__metadata:
  version: 8
  cacheKey: 10c0

"@aws-sdk/util-dynamodb@npm:^3.692.0":
  version: 3.692.0
  resolution: "@aws-sdk/util-dynamodb@npm:3.692.0"
  dependencies:
    tslib: "npm:^2.6.2"
  peerDependencies:
    "@aws-sdk/client-dynamodb": ^3.692.0
  checksum: 10c0/3332dff928f233f0bf53a67527eacd3ac9f4518b0e160cd86072bddb5c56f801fd2720437d483a88ea7f28c49ff5bcd4e75868ab91674b04ab7e5bc1c13d2ae9
  languageName: node
  linkType: hard

"tslib@npm:^2.6.2":
  version: 2.8.1
  resolution: "tslib@npm:2.8.1"
  checksum: 10c0/9c4759110a19c53f992d9aae23aac5ced636e99887b51b9e61def52611732872ff7668757d4e4c61f19691e36f4da981cd9485e869b4a7408d689f6bf1f14e62
  languageName: node
  linkType: hard

"untitled@workspace:.":
  version: 0.0.0-use.local
  resolution: "untitled@workspace:."
  dependencies:
    "@aws-sdk/util-dynamodb": "npm:^3.692.0"
  languageName: unknown
  linkType: soft
